
Microsoft Visual Studio Solution File, Format Version 12.00
# Visual Studio 15
VisualStudioVersion = 15.0.27703.2042
MinimumVisualStudioVersion = 10.0.40219.1
Project("{FAE04EC0-301F-11D3-BF4B-00C04F79EFBC}") = "WebApplication1", "WebApplication1\WebApplication1.csproj", "{B2F1F144-ECA4-4EC7-86D1-B93DE655F5D0}"
EndProject
Global
	GlobalSection(SolutionConfigurationPlatforms) = preSolution
		Debug|Any CPU = Debug|Any CPU
		Release|Any CPU = Release|Any CPU
	EndGlobalSection
	GlobalSection(ProjectConfigurationPlatforms) = postSolution
		{B2F1F144-ECA4-4EC7-86D1-B93DE655F5D0}.Debug|Any CPU.ActiveCfg = Debug|Any CPU
		{B2F1F144-ECA4-4EC7-86D1-B93DE655F5D0}.Debug|Any CPU.Build.0 = Debug|Any CPU
		{B2F1F144-ECA4-4EC7-86D1-B93DE655F5D0}.Release|Any CPU.ActiveCfg = Release|Any CPU
		{B2F1F144-ECA4-4EC7-86D1-B93DE655F5D0}.Release|Any CPU.Build.0 = Release|Any CPU
	EndGlobalSection
	GlobalSection(SolutionProperties) = preSolution
		HideSolutionNode = FALSE
	EndGlobalSection
	GlobalSection(ExtensibilityGlobals) = postSolution
		SolutionGuid = {620EA2EA-E628-4C87-B440-F6146DBBA2F2}
	EndGlobalSection
EndGlobal
